{
  "version": 4,
  "terraform_version": "0.14.7",
  "serial": 4,
  "lineage": "3f3cb59f-c022-4160-1075-2456f9611693",
  "outputs": {},
  "resources": [
    {
      "mode": "data",
      "type": "azurerm_resource_group",
      "name": "sandbox",
      "provider": "provider[\"registry.terraform.io/hashicorp/azurerm\"]",
      "instances": [
        {
          "schema_version": 0,
          "attributes": {
            "id": "/subscriptions/2ab8d05a-dd4f-4fe3-bdda-5d1840a5c555/resourceGroups/learn-ef597961-7c7e-432f-98f9-41eb8c5c5e73",
            "location": "westus",
            "name": "learn-ef597961-7c7e-432f-98f9-41eb8c5c5e73",
            "tags": {
              "x-created-by": "freelearning",
              "x-created-for": "31b01404-8a2c-4fc0-8972-5e891c467036",
              "x-module-id": "learn.manage-iot-devices"
            },
            "timeouts": null
          },
          "sensitive_attributes": []
        }
      ]
    },
    {
      "mode": "managed",
      "type": "azurerm_iothub",
      "name": "example",
      "provider": "provider[\"registry.terraform.io/hashicorp/azurerm\"]",
      "instances": [
        {
          "schema_version": 0,
          "attributes": {
            "endpoint": [],
            "enrichment": [],
            "event_hub_events_endpoint": "sb://iothub-ns-pihub-2172-8718100-6d8ccd21b3.servicebus.windows.net/",
            "event_hub_events_path": "pihub-217288933",
            "event_hub_operations_endpoint": null,
            "event_hub_operations_path": null,
            "event_hub_partition_count": 4,
            "event_hub_retention_in_days": 1,
            "fallback_route": [
              {
                "condition": "true",
                "enabled": false,
                "endpoint_names": [
                  "events"
                ],
                "source": "DeviceMessages"
              }
            ],
            "file_upload": [],
            "hostname": "pihub-217288933.azure-devices.net",
            "id": "/subscriptions/2ab8d05a-dd4f-4fe3-bdda-5d1840a5c555/resourceGroups/learn-ef597961-7c7e-432f-98f9-41eb8c5c5e73/providers/Microsoft.Devices/IotHubs/pihub-217288933",
            "ip_filter_rule": [],
            "location": "australiasoutheast",
            "min_tls_version": "",
            "name": "pihub-217288933",
            "public_network_access_enabled": null,
            "resource_group_name": "learn-ef597961-7c7e-432f-98f9-41eb8c5c5e73",
            "route": [],
            "shared_access_policy": [
              {
                "key_name": "iothubowner",
                "permissions": "RegistryWrite, ServiceConnect, DeviceConnect",
                "primary_key": "FTRXhrbgv0GBJFNtS6j+aEXK9axHHLJfkYB8UwM4WIE=",
                "secondary_key": "TLvuXZMvUXv8bUV8lpLkje87BTTxzVuaKufo3mIU9Sk="
              },
              {
                "key_name": "service",
                "permissions": "ServiceConnect",
                "primary_key": "tU+xP/qn0DpJzDbusvHOD3NMFq278xM0RTV+GDCX5xY=",
                "secondary_key": "/UGAL/zyu0FN2snX6zYZxsxnPiox32jOucgHgSS0+W0="
              },
              {
                "key_name": "device",
                "permissions": "DeviceConnect",
                "primary_key": "Jk1letcx1jV8LBXzNUqSqDE4d/S3ZYluaNj+UkMdsJI=",
                "secondary_key": "HVD4By+x1ao1pefYV16CX2f6Qudzqcn5KFdR7CsBEN4="
              },
              {
                "key_name": "registryRead",
                "permissions": "RegistryRead",
                "primary_key": "eX8iQOzuBAoUSjnKh4AhAtTdKxWAj9tyIUOZMRx961E=",
                "secondary_key": "870bzhvaXte3lVZ1B0iJy+EUKKez94JtIQUCUlAe8Ic="
              },
              {
                "key_name": "registryReadWrite",
                "permissions": "RegistryWrite",
                "primary_key": "j7ZfJVOFleFGMKPk5EqgPBmorsiPk3VkwTLN4Gd9+f8=",
                "secondary_key": "YhtehjWdHgGglE1D8aov45rsb3MGy8CvpkChsEC/tHw="
              }
            ],
            "sku": [
              {
                "capacity": 1,
                "name": "S1"
              }
            ],
            "tags": null,
            "timeouts": null,
            "type": "Microsoft.Devices/IotHubs"
          },
          "sensitive_attributes": [],
          "private": "eyJlMmJmYjczMC1lY2FhLTExZTYtOGY4OC0zNDM2M2JjN2M0YzAiOnsiY3JlYXRlIjoxODAwMDAwMDAwMDAwLCJkZWxldGUiOjE4MDAwMDAwMDAwMDAsInJlYWQiOjMwMDAwMDAwMDAwMCwidXBkYXRlIjoxODAwMDAwMDAwMDAwfX0=",
          "dependencies": [
            "data.azurerm_resource_group.sandbox"
          ]
        }
      ]
    }
  ]
}
